
Microsoft Visual Studio Solution File, Format Version 12.00
# Visual Studio Version 17
VisualStudioVersion = 17.10.34916.146
MinimumVisualStudioVersion = 10.0.40219.1
Project("{FAE04EC0-301F-11D3-BF4B-00C04F79EFBC}") = "ProjectManagementSystem", "ProjectManagementSystem\ProjectManagementSystem.csproj", "{398CAF8F-2DBF-442A-BA82-63B7977CCA27}"
EndProject
Global
	GlobalSection(SolutionConfigurationPlatforms) = preSolution
		Debug|Any CPU = Debug|Any CPU
		Release|Any CPU = Release|Any CPU
	EndGlobalSection
	GlobalSection(ProjectConfigurationPlatforms) = postSolution
		{398CAF8F-2DBF-442A-BA82-63B7977CCA27}.Debug|Any CPU.ActiveCfg = Debug|Any CPU
		{398CAF8F-2DBF-442A-BA82-63B7977CCA27}.Debug|Any CPU.Build.0 = Debug|Any CPU
		{398CAF8F-2DBF-442A-BA82-63B7977CCA27}.Release|Any CPU.ActiveCfg = Release|Any CPU
		{398CAF8F-2DBF-442A-BA82-63B7977CCA27}.Release|Any CPU.Build.0 = Release|Any CPU
	EndGlobalSection
	GlobalSection(SolutionProperties) = preSolution
		HideSolutionNode = FALSE
	EndGlobalSection
	GlobalSection(ExtensibilityGlobals) = postSolution
		SolutionGuid = {7322B19E-1D82-45F6-BBB0-1C7493BE0AFB}
	EndGlobalSection
EndGlobal
